
Microsoft Visual Studio Solution File, Format Version 12.00
# Visual Studio Version 17
VisualStudioVersion = 17.3.32825.248
MinimumVisualStudioVersion = 10.0.40219.1
Project("{8BC9CEB8-8B4A-11D0-8D11-00A0C91BC942}") = "lesson2", "lesson2\Chapter2.vcxproj", "{5187B887-EDAF-4AAE-AE3B-E2CF0C19FB69}"
EndProject
Project("{8BC9CEB8-8B4A-11D0-8D11-00A0C91BC942}") = "lesson2.1", "lesson2.1\lesson2.1.vcxproj", "{B57627E2-CF85-4C73-B008-0D406C375525}"
EndProject
Project("{8BC9CEB8-8B4A-11D0-8D11-00A0C91BC942}") = "lesson3", "lesson3\lesson3.vcxproj", "{64EB0634-BC49-4C12-9EFF-2B9D00C89567}"
EndProject
Project("{8BC9CEB8-8B4A-11D0-8D11-00A0C91BC942}") = "lesson3.2", "lesson3.2\lesson3.2.vcxproj", "{1AD57BE2-C934-41C7-97FD-6958CCEA45F6}"
EndProject
Project("{8BC9CEB8-8B4A-11D0-8D11-00A0C91BC942}") = "lesson3.3", "lesson3.3\lesson3.3.vcxproj", "{15B62E4F-F8B2-4124-970D-B957CFCE4CF3}"
EndProject
Project("{8BC9CEB8-8B4A-11D0-8D11-00A0C91BC942}") = "lesson3.4", "lesson3.4\lesson3.4.vcxproj", "{CD89BBAE-A687-4C73-B285-77A33BF21E9E}"
EndProject
Project("{8BC9CEB8-8B4A-11D0-8D11-00A0C91BC942}") = "lesson3.6", "lesson3.6\lesson3.6.vcxproj", "{56F1599A-DCA2-4819-BB48-C0743907DA68}"
EndProject
Project("{8BC9CEB8-8B4A-11D0-8D11-00A0C91BC942}") = "lesson3.7", "lesson3.7\lesson3.7.vcxproj", "{B0DBBDC3-850A-4D12-AD14-D686710DC4DD}"
EndProject
Project("{8BC9CEB8-8B4A-11D0-8D11-00A0C91BC942}") = "lesson3.8", "lesson3.8\lesson3.8.vcxproj", "{81155DA4-55CD-4AF1-A568-8201F2D83012}"
EndProject
Project("{8BC9CEB8-8B4A-11D0-8D11-00A0C91BC942}") = "lesson3.9_winapi_findwindow", "lesson3.9_winapi_findwindow\lesson3.9_winapi_findwindow.vcxproj", "{41CFC0B7-8769-402D-96ED-1F65170E19C4}"
EndProject
Project("{8BC9CEB8-8B4A-11D0-8D11-00A0C91BC942}") = "lesson3.10", "lesson3.10\lesson3.10.vcxproj", "{E397492D-2D33-46AD-B373-97ED6F61844A}"
EndProject
Project("{8BC9CEB8-8B4A-11D0-8D11-00A0C91BC942}") = "lesson3.10.2", "lesson3.10.2\lesson3.10.2.vcxproj", "{CC568081-D5F8-43EE-9BDE-17A999DD14AA}"
EndProject
Project("{8BC9CEB8-8B4A-11D0-8D11-00A0C91BC942}") = "游戏保护_数据加密", "游戏保护_数据加密\游戏保护_数据加密.vcxproj", "{806E087B-71F0-4A53-96B5-031C0AF851D5}"
EndProject
Project("{8BC9CEB8-8B4A-11D0-8D11-00A0C91BC942}") = "游戏安全_11变速齿轮", "游戏安全_11变速齿轮\游戏安全_11变速齿轮.vcxproj", "{3FB8F454-E22D-41DB-9FF4-B81A4DBCEAD7}"
EndProject
Project("{8BC9CEB8-8B4A-11D0-8D11-00A0C91BC942}") = "lesson3.10.3printf", "lesson3.10.3printf\lesson3.10.3printf.vcxproj", "{E8E6FBE0-C131-4394-B0CB-AEC36D70D46C}"
EndProject
Project("{8BC9CEB8-8B4A-11D0-8D11-00A0C91BC942}") = "lesson3.10.4printf2", "lesson3.10.4printf2\lesson3.10.4printf2.vcxproj", "{00496A04-3A4D-4917-9794-FCF02A2ED52A}"
EndProject
Project("{8BC9CEB8-8B4A-11D0-8D11-00A0C91BC942}") = "lesson3.10.5ascii", "lesson3.10.5ascii\lesson3.10.5ascii.vcxproj", "{27384FE2-91EC-4494-BA37-545A293B4002}"
EndProject
Project("{8BC9CEB8-8B4A-11D0-8D11-00A0C91BC942}") = "游戏安全_12_CHOOK", "游戏安全_12_CHOOK\游戏安全_12_CHOOK.vcxproj", "{92DDF507-20D3-48A6-835D-9C36D11F984C}"
EndProject
Project("{8BC9CEB8-8B4A-11D0-8D11-00A0C91BC942}") = "lesson3.10.6scanf", "lesson3.10.6scanf\lesson3.10.6scanf.vcxproj", "{144AD74A-F102-42B3-813A-77222567D19C}"
EndProject
Project("{8BC9CEB8-8B4A-11D0-8D11-00A0C91BC942}") = "lesson5.2按位取反运算符", "lesson5.2按位取反运算符\lesson5.2按位取反运算符.vcxproj", "{88962E73-1FAA-447E-8B32-AC43CB094DDC}"
EndProject
Project("{8BC9CEB8-8B4A-11D0-8D11-00A0C91BC942}") = "lesson6.0_year_month_days", "lesson6.0year_month_days\year_month_days.vcxproj", "{6CA15628-80A2-4426-BDD6-543FC6502657}"
EndProject
Project("{8BC9CEB8-8B4A-11D0-8D11-00A0C91BC942}") = "lesson7.5 彩票开奖结果的破解", "lesson7.5 彩票开奖结果的破解\lesson7.5 彩票开奖结果的破解.vcxproj", "{4A5BBEA1-E0D5-4528-A77F-F7898D6D74AB}"
EndProject
Global
	GlobalSection(SolutionConfigurationPlatforms) = preSolution
		Debug|x64 = Debug|x64
		Debug|x86 = Debug|x86
		Release|x64 = Release|x64
		Release|x86 = Release|x86
	EndGlobalSection
	GlobalSection(ProjectConfigurationPlatforms) = postSolution
		{5187B887-EDAF-4AAE-AE3B-E2CF0C19FB69}.Debug|x64.ActiveCfg = Debug|x64
		{5187B887-EDAF-4AAE-AE3B-E2CF0C19FB69}.Debug|x64.Build.0 = Debug|x64
		{5187B887-EDAF-4AAE-AE3B-E2CF0C19FB69}.Debug|x86.ActiveCfg = Debug|Win32
		{5187B887-EDAF-4AAE-AE3B-E2CF0C19FB69}.Debug|x86.Build.0 = Debug|Win32
		{5187B887-EDAF-4AAE-AE3B-E2CF0C19FB69}.Release|x64.ActiveCfg = Release|x64
		{5187B887-EDAF-4AAE-AE3B-E2CF0C19FB69}.Release|x64.Build.0 = Release|x64
		{5187B887-EDAF-4AAE-AE3B-E2CF0C19FB69}.Release|x86.ActiveCfg = Release|Win32
		{5187B887-EDAF-4AAE-AE3B-E2CF0C19FB69}.Release|x86.Build.0 = Release|Win32
		{B57627E2-CF85-4C73-B008-0D406C375525}.Debug|x64.ActiveCfg = Debug|x64
		{B57627E2-CF85-4C73-B008-0D406C375525}.Debug|x64.Build.0 = Debug|x64
		{B57627E2-CF85-4C73-B008-0D406C375525}.Debug|x86.ActiveCfg = Debug|Win32
		{B57627E2-CF85-4C73-B008-0D406C375525}.Debug|x86.Build.0 = Debug|Win32
		{B57627E2-CF85-4C73-B008-0D406C375525}.Release|x64.ActiveCfg = Release|x64
		{B57627E2-CF85-4C73-B008-0D406C375525}.Release|x64.Build.0 = Release|x64
		{B57627E2-CF85-4C73-B008-0D406C375525}.Release|x86.ActiveCfg = Release|Win32
		{B57627E2-CF85-4C73-B008-0D406C375525}.Release|x86.Build.0 = Release|Win32
		{64EB0634-BC49-4C12-9EFF-2B9D00C89567}.Debug|x64.ActiveCfg = Debug|x64
		{64EB0634-BC49-4C12-9EFF-2B9D00C89567}.Debug|x64.Build.0 = Debug|x64
		{64EB0634-BC49-4C12-9EFF-2B9D00C89567}.Debug|x86.ActiveCfg = Debug|Win32
		{64EB0634-BC49-4C12-9EFF-2B9D00C89567}.Debug|x86.Build.0 = Debug|Win32
		{64EB0634-BC49-4C12-9EFF-2B9D00C89567}.Release|x64.ActiveCfg = Release|x64
		{64EB0634-BC49-4C12-9EFF-2B9D00C89567}.Release|x64.Build.0 = Release|x64
		{64EB0634-BC49-4C12-9EFF-2B9D00C89567}.Release|x86.ActiveCfg = Release|Win32
		{64EB0634-BC49-4C12-9EFF-2B9D00C89567}.Release|x86.Build.0 = Release|Win32
		{1AD57BE2-C934-41C7-97FD-6958CCEA45F6}.Debug|x64.ActiveCfg = Debug|x64
		{1AD57BE2-C934-41C7-97FD-6958CCEA45F6}.Debug|x64.Build.0 = Debug|x64
		{1AD57BE2-C934-41C7-97FD-6958CCEA45F6}.Debug|x86.ActiveCfg = Debug|Win32
		{1AD57BE2-C934-41C7-97FD-6958CCEA45F6}.Debug|x86.Build.0 = Debug|Win32
		{1AD57BE2-C934-41C7-97FD-6958CCEA45F6}.Release|x64.ActiveCfg = Release|x64
		{1AD57BE2-C934-41C7-97FD-6958CCEA45F6}.Release|x64.Build.0 = Release|x64
		{1AD57BE2-C934-41C7-97FD-6958CCEA45F6}.Release|x86.ActiveCfg = Release|Win32
		{1AD57BE2-C934-41C7-97FD-6958CCEA45F6}.Release|x86.Build.0 = Release|Win32
		{15B62E4F-F8B2-4124-970D-B957CFCE4CF3}.Debug|x64.ActiveCfg = Debug|x64
		{15B62E4F-F8B2-4124-970D-B957CFCE4CF3}.Debug|x64.Build.0 = Debug|x64
		{15B62E4F-F8B2-4124-970D-B957CFCE4CF3}.Debug|x86.ActiveCfg = Debug|Win32
		{15B62E4F-F8B2-4124-970D-B957CFCE4CF3}.Debug|x86.Build.0 = Debug|Win32
		{15B62E4F-F8B2-4124-970D-B957CFCE4CF3}.Release|x64.ActiveCfg = Release|x64
		{15B62E4F-F8B2-4124-970D-B957CFCE4CF3}.Release|x64.Build.0 = Release|x64
		{15B62E4F-F8B2-4124-970D-B957CFCE4CF3}.Release|x86.ActiveCfg = Release|Win32
		{15B62E4F-F8B2-4124-970D-B957CFCE4CF3}.Release|x86.Build.0 = Release|Win32
		{CD89BBAE-A687-4C73-B285-77A33BF21E9E}.Debug|x64.ActiveCfg = Debug|x64
		{CD89BBAE-A687-4C73-B285-77A33BF21E9E}.Debug|x64.Build.0 = Debug|x64
		{CD89BBAE-A687-4C73-B285-77A33BF21E9E}.Debug|x86.ActiveCfg = Debug|Win32
		{CD89BBAE-A687-4C73-B285-77A33BF21E9E}.Debug|x86.Build.0 = Debug|Win32
		{CD89BBAE-A687-4C73-B285-77A33BF21E9E}.Release|x64.ActiveCfg = Release|x64
		{CD89BBAE-A687-4C73-B285-77A33BF21E9E}.Release|x64.Build.0 = Release|x64
		{CD89BBAE-A687-4C73-B285-77A33BF21E9E}.Release|x86.ActiveCfg = Release|Win32
		{CD89BBAE-A687-4C73-B285-77A33BF21E9E}.Release|x86.Build.0 = Release|Win32
		{56F1599A-DCA2-4819-BB48-C0743907DA68}.Debug|x64.ActiveCfg = Debug|x64
		{56F1599A-DCA2-4819-BB48-C0743907DA68}.Debug|x64.Build.0 = Debug|x64
		{56F1599A-DCA2-4819-BB48-C0743907DA68}.Debug|x86.ActiveCfg = Debug|Win32
		{56F1599A-DCA2-4819-BB48-C0743907DA68}.Debug|x86.Build.0 = Debug|Win32
		{56F1599A-DCA2-4819-BB48-C0743907DA68}.Release|x64.ActiveCfg = Release|x64
		{56F1599A-DCA2-4819-BB48-C0743907DA68}.Release|x64.Build.0 = Release|x64
		{56F1599A-DCA2-4819-BB48-C0743907DA68}.Release|x86.ActiveCfg = Release|Win32
		{56F1599A-DCA2-4819-BB48-C0743907DA68}.Release|x86.Build.0 = Release|Win32
		{B0DBBDC3-850A-4D12-AD14-D686710DC4DD}.Debug|x64.ActiveCfg = Debug|x64
		{B0DBBDC3-850A-4D12-AD14-D686710DC4DD}.Debug|x64.Build.0 = Debug|x64
		{B0DBBDC3-850A-4D12-AD14-D686710DC4DD}.Debug|x86.ActiveCfg = Debug|Win32
		{B0DBBDC3-850A-4D12-AD14-D686710DC4DD}.Debug|x86.Build.0 = Debug|Win32
		{B0DBBDC3-850A-4D12-AD14-D686710DC4DD}.Release|x64.ActiveCfg = Release|x64
		{B0DBBDC3-850A-4D12-AD14-D686710DC4DD}.Release|x64.Build.0 = Release|x64
		{B0DBBDC3-850A-4D12-AD14-D686710DC4DD}.Release|x86.ActiveCfg = Release|Win32
		{B0DBBDC3-850A-4D12-AD14-D686710DC4DD}.Release|x86.Build.0 = Release|Win32
		{81155DA4-55CD-4AF1-A568-8201F2D83012}.Debug|x64.ActiveCfg = Debug|x64
		{81155DA4-55CD-4AF1-A568-8201F2D83012}.Debug|x64.Build.0 = Debug|x64
		{81155DA4-55CD-4AF1-A568-8201F2D83012}.Debug|x86.ActiveCfg = Debug|Win32
		{81155DA4-55CD-4AF1-A568-8201F2D83012}.Debug|x86.Build.0 = Debug|Win32
		{81155DA4-55CD-4AF1-A568-8201F2D83012}.Release|x64.ActiveCfg = Release|x64
		{81155DA4-55CD-4AF1-A568-8201F2D83012}.Release|x64.Build.0 = Release|x64
		{81155DA4-55CD-4AF1-A568-8201F2D83012}.Release|x86.ActiveCfg = Release|Win32
		{81155DA4-55CD-4AF1-A568-8201F2D83012}.Release|x86.Build.0 = Release|Win32
		{41CFC0B7-8769-402D-96ED-1F65170E19C4}.Debug|x64.ActiveCfg = Debug|x64
		{41CFC0B7-8769-402D-96ED-1F65170E19C4}.Debug|x64.Build.0 = Debug|x64
		{41CFC0B7-8769-402D-96ED-1F65170E19C4}.Debug|x86.ActiveCfg = Debug|Win32
		{41CFC0B7-8769-402D-96ED-1F65170E19C4}.Debug|x86.Build.0 = Debug|Win32
		{41CFC0B7-8769-402D-96ED-1F65170E19C4}.Release|x64.ActiveCfg = Release|x64
		{41CFC0B7-8769-402D-96ED-1F65170E19C4}.Release|x64.Build.0 = Release|x64
		{41CFC0B7-8769-402D-96ED-1F65170E19C4}.Release|x86.ActiveCfg = Release|Win32
		{41CFC0B7-8769-402D-96ED-1F65170E19C4}.Release|x86.Build.0 = Release|Win32
		{E397492D-2D33-46AD-B373-97ED6F61844A}.Debug|x64.ActiveCfg = Debug|x64
		{E397492D-2D33-46AD-B373-97ED6F61844A}.Debug|x64.Build.0 = Debug|x64
		{E397492D-2D33-46AD-B373-97ED6F61844A}.Debug|x86.ActiveCfg = Debug|Win32
		{E397492D-2D33-46AD-B373-97ED6F61844A}.Debug|x86.Build.0 = Debug|Win32
		{E397492D-2D33-46AD-B373-97ED6F61844A}.Release|x64.ActiveCfg = Release|x64
		{E397492D-2D33-46AD-B373-97ED6F61844A}.Release|x64.Build.0 = Release|x64
		{E397492D-2D33-46AD-B373-97ED6F61844A}.Release|x86.ActiveCfg = Release|Win32
		{E397492D-2D33-46AD-B373-97ED6F61844A}.Release|x86.Build.0 = Release|Win32
		{CC568081-D5F8-43EE-9BDE-17A999DD14AA}.Debug|x64.ActiveCfg = Debug|x64
		{CC568081-D5F8-43EE-9BDE-17A999DD14AA}.Debug|x64.Build.0 = Debug|x64
		{CC568081-D5F8-43EE-9BDE-17A999DD14AA}.Debug|x86.ActiveCfg = Debug|Win32
		{CC568081-D5F8-43EE-9BDE-17A999DD14AA}.Debug|x86.Build.0 = Debug|Win32
		{CC568081-D5F8-43EE-9BDE-17A999DD14AA}.Release|x64.ActiveCfg = Release|x64
		{CC568081-D5F8-43EE-9BDE-17A999DD14AA}.Release|x64.Build.0 = Release|x64
		{CC568081-D5F8-43EE-9BDE-17A999DD14AA}.Release|x86.ActiveCfg = Release|Win32
		{CC568081-D5F8-43EE-9BDE-17A999DD14AA}.Release|x86.Build.0 = Release|Win32
		{806E087B-71F0-4A53-96B5-031C0AF851D5}.Debug|x64.ActiveCfg = Debug|x64
		{806E087B-71F0-4A53-96B5-031C0AF851D5}.Debug|x64.Build.0 = Debug|x64
		{806E087B-71F0-4A53-96B5-031C0AF851D5}.Debug|x86.ActiveCfg = Debug|Win32
		{806E087B-71F0-4A53-96B5-031C0AF851D5}.Debug|x86.Build.0 = Debug|Win32
		{806E087B-71F0-4A53-96B5-031C0AF851D5}.Release|x64.ActiveCfg = Release|x64
		{806E087B-71F0-4A53-96B5-031C0AF851D5}.Release|x64.Build.0 = Release|x64
		{806E087B-71F0-4A53-96B5-031C0AF851D5}.Release|x86.ActiveCfg = Release|Win32
		{806E087B-71F0-4A53-96B5-031C0AF851D5}.Release|x86.Build.0 = Release|Win32
		{3FB8F454-E22D-41DB-9FF4-B81A4DBCEAD7}.Debug|x64.ActiveCfg = Debug|x64
		{3FB8F454-E22D-41DB-9FF4-B81A4DBCEAD7}.Debug|x64.Build.0 = Debug|x64
		{3FB8F454-E22D-41DB-9FF4-B81A4DBCEAD7}.Debug|x86.ActiveCfg = Debug|Win32
		{3FB8F454-E22D-41DB-9FF4-B81A4DBCEAD7}.Debug|x86.Build.0 = Debug|Win32
		{3FB8F454-E22D-41DB-9FF4-B81A4DBCEAD7}.Release|x64.ActiveCfg = Release|x64
		{3FB8F454-E22D-41DB-9FF4-B81A4DBCEAD7}.Release|x64.Build.0 = Release|x64
		{3FB8F454-E22D-41DB-9FF4-B81A4DBCEAD7}.Release|x86.ActiveCfg = Release|Win32
		{3FB8F454-E22D-41DB-9FF4-B81A4DBCEAD7}.Release|x86.Build.0 = Release|Win32
		{E8E6FBE0-C131-4394-B0CB-AEC36D70D46C}.Debug|x64.ActiveCfg = Debug|x64
		{E8E6FBE0-C131-4394-B0CB-AEC36D70D46C}.Debug|x64.Build.0 = Debug|x64
		{E8E6FBE0-C131-4394-B0CB-AEC36D70D46C}.Debug|x86.ActiveCfg = Debug|Win32
		{E8E6FBE0-C131-4394-B0CB-AEC36D70D46C}.Debug|x86.Build.0 = Debug|Win32
		{E8E6FBE0-C131-4394-B0CB-AEC36D70D46C}.Release|x64.ActiveCfg = Release|x64
		{E8E6FBE0-C131-4394-B0CB-AEC36D70D46C}.Release|x64.Build.0 = Release|x64
		{E8E6FBE0-C131-4394-B0CB-AEC36D70D46C}.Release|x86.ActiveCfg = Release|Win32
		{E8E6FBE0-C131-4394-B0CB-AEC36D70D46C}.Release|x86.Build.0 = Release|Win32
		{00496A04-3A4D-4917-9794-FCF02A2ED52A}.Debug|x64.ActiveCfg = Debug|x64
		{00496A04-3A4D-4917-9794-FCF02A2ED52A}.Debug|x64.Build.0 = Debug|x64
		{00496A04-3A4D-4917-9794-FCF02A2ED52A}.Debug|x86.ActiveCfg = Debug|Win32
		{00496A04-3A4D-4917-9794-FCF02A2ED52A}.Debug|x86.Build.0 = Debug|Win32
		{00496A04-3A4D-4917-9794-FCF02A2ED52A}.Release|x64.ActiveCfg = Release|x64
		{00496A04-3A4D-4917-9794-FCF02A2ED52A}.Release|x64.Build.0 = Release|x64
		{00496A04-3A4D-4917-9794-FCF02A2ED52A}.Release|x86.ActiveCfg = Release|Win32
		{00496A04-3A4D-4917-9794-FCF02A2ED52A}.Release|x86.Build.0 = Release|Win32
		{27384FE2-91EC-4494-BA37-545A293B4002}.Debug|x64.ActiveCfg = Debug|x64
		{27384FE2-91EC-4494-BA37-545A293B4002}.Debug|x64.Build.0 = Debug|x64
		{27384FE2-91EC-4494-BA37-545A293B4002}.Debug|x86.ActiveCfg = Debug|Win32
		{27384FE2-91EC-4494-BA37-545A293B4002}.Debug|x86.Build.0 = Debug|Win32
		{27384FE2-91EC-4494-BA37-545A293B4002}.Release|x64.ActiveCfg = Release|x64
		{27384FE2-91EC-4494-BA37-545A293B4002}.Release|x64.Build.0 = Release|x64
		{27384FE2-91EC-4494-BA37-545A293B4002}.Release|x86.ActiveCfg = Release|Win32
		{27384FE2-91EC-4494-BA37-545A293B4002}.Release|x86.Build.0 = Release|Win32
		{92DDF507-20D3-48A6-835D-9C36D11F984C}.Debug|x64.ActiveCfg = Debug|x64
		{92DDF507-20D3-48A6-835D-9C36D11F984C}.Debug|x64.Build.0 = Debug|x64
		{92DDF507-20D3-48A6-835D-9C36D11F984C}.Debug|x86.ActiveCfg = Debug|Win32
		{92DDF507-20D3-48A6-835D-9C36D11F984C}.Debug|x86.Build.0 = Debug|Win32
		{92DDF507-20D3-48A6-835D-9C36D11F984C}.Release|x64.ActiveCfg = Release|x64
		{92DDF507-20D3-48A6-835D-9C36D11F984C}.Release|x64.Build.0 = Release|x64
		{92DDF507-20D3-48A6-835D-9C36D11F984C}.Release|x86.ActiveCfg = Release|Win32
		{92DDF507-20D3-48A6-835D-9C36D11F984C}.Release|x86.Build.0 = Release|Win32
		{144AD74A-F102-42B3-813A-77222567D19C}.Debug|x64.ActiveCfg = Debug|x64
		{144AD74A-F102-42B3-813A-77222567D19C}.Debug|x64.Build.0 = Debug|x64
		{144AD74A-F102-42B3-813A-77222567D19C}.Debug|x86.ActiveCfg = Debug|Win32
		{144AD74A-F102-42B3-813A-77222567D19C}.Debug|x86.Build.0 = Debug|Win32
		{144AD74A-F102-42B3-813A-77222567D19C}.Release|x64.ActiveCfg = Release|x64
		{144AD74A-F102-42B3-813A-77222567D19C}.Release|x64.Build.0 = Release|x64
		{144AD74A-F102-42B3-813A-77222567D19C}.Release|x86.ActiveCfg = Release|Win32
		{144AD74A-F102-42B3-813A-77222567D19C}.Release|x86.Build.0 = Release|Win32
		{88962E73-1FAA-447E-8B32-AC43CB094DDC}.Debug|x64.ActiveCfg = Debug|x64
		{88962E73-1FAA-447E-8B32-AC43CB094DDC}.Debug|x64.Build.0 = Debug|x64
		{88962E73-1FAA-447E-8B32-AC43CB094DDC}.Debug|x86.ActiveCfg = Debug|Win32
		{88962E73-1FAA-447E-8B32-AC43CB094DDC}.Debug|x86.Build.0 = Debug|Win32
		{88962E73-1FAA-447E-8B32-AC43CB094DDC}.Release|x64.ActiveCfg = Release|x64
		{88962E73-1FAA-447E-8B32-AC43CB094DDC}.Release|x64.Build.0 = Release|x64
		{88962E73-1FAA-447E-8B32-AC43CB094DDC}.Release|x86.ActiveCfg = Release|Win32
		{88962E73-1FAA-447E-8B32-AC43CB094DDC}.Release|x86.Build.0 = Release|Win32
		{6CA15628-80A2-4426-BDD6-543FC6502657}.Debug|x64.ActiveCfg = Debug|x64
		{6CA15628-80A2-4426-BDD6-543FC6502657}.Debug|x64.Build.0 = Debug|x64
		{6CA15628-80A2-4426-BDD6-543FC6502657}.Debug|x86.ActiveCfg = Debug|Win32
		{6CA15628-80A2-4426-BDD6-543FC6502657}.Debug|x86.Build.0 = Debug|Win32
		{6CA15628-80A2-4426-BDD6-543FC6502657}.Release|x64.ActiveCfg = Release|x64
		{6CA15628-80A2-4426-BDD6-543FC6502657}.Release|x64.Build.0 = Release|x64
		{6CA15628-80A2-4426-BDD6-543FC6502657}.Release|x86.ActiveCfg = Release|Win32
		{6CA15628-80A2-4426-BDD6-543FC6502657}.Release|x86.Build.0 = Release|Win32
		{4A5BBEA1-E0D5-4528-A77F-F7898D6D74AB}.Debug|x64.ActiveCfg = Debug|x64
		{4A5BBEA1-E0D5-4528-A77F-F7898D6D74AB}.Debug|x64.Build.0 = Debug|x64
		{4A5BBEA1-E0D5-4528-A77F-F7898D6D74AB}.Debug|x86.ActiveCfg = Debug|Win32
		{4A5BBEA1-E0D5-4528-A77F-F7898D6D74AB}.Debug|x86.Build.0 = Debug|Win32
		{4A5BBEA1-E0D5-4528-A77F-F7898D6D74AB}.Release|x64.ActiveCfg = Release|x64
		{4A5BBEA1-E0D5-4528-A77F-F7898D6D74AB}.Release|x64.Build.0 = Release|x64
		{4A5BBEA1-E0D5-4528-A77F-F7898D6D74AB}.Release|x86.ActiveCfg = Release|Win32
		{4A5BBEA1-E0D5-4528-A77F-F7898D6D74AB}.Release|x86.Build.0 = Release|Win32
	EndGlobalSection
	GlobalSection(SolutionProperties) = preSolution
		HideSolutionNode = FALSE
	EndGlobalSection
	GlobalSection(ExtensibilityGlobals) = postSolution
		SolutionGuid = {B5A69922-A66D-4770-BC75-9D8C7529D37D}
	EndGlobalSection
EndGlobal
