
Microsoft Visual Studio Solution File, Format Version 12.00
# Visual Studio Version 17
VisualStudioVersion = 17.3.32825.248
MinimumVisualStudioVersion = 10.0.40219.1
Project("{8BC9CEB8-8B4A-11D0-8D11-00A0C91BC942}") = "01_lesson0", "01_lesson0\lesson0.vcxproj", "{B854531C-309E-4B94-800F-F480C00973A8}"
EndProject
Project("{8BC9CEB8-8B4A-11D0-8D11-00A0C91BC942}") = "02_BackwardCompat", "02_BackwardCompat\02_BackwardCompat.vcxproj", "{7EC60E26-7370-4C72-B236-A343B477DDF5}"
EndProject
Project("{8BC9CEB8-8B4A-11D0-8D11-00A0C91BC942}") = "03_Simple", "03_Simple\03_Simple.vcxproj", "{9D495D40-37C8-42AF-8338-405372DFA5E2}"
EndProject
Project("{8BC9CEB8-8B4A-11D0-8D11-00A0C91BC942}") = "04_DeclaringVariables", "04_DeclaringVariables\04_DeclaringVariables.vcxproj", "{3C3A8138-F31A-4B28-A8F0-D20D0D186DA7}"
EndProject
Project("{8BC9CEB8-8B4A-11D0-8D11-00A0C91BC942}") = "05_App_Reverser", "05_App_Reverser\05_App_Reverser.vcxproj", "{AB510BDD-7A85-48EA-9ECB-E1C5DE7DCE31}"
EndProject
Project("{8BC9CEB8-8B4A-11D0-8D11-00A0C91BC942}") = "06_ArraySum", "06_ArraySum\06_ArraySum.vcxproj", "{F629C382-2451-48ED-9C75-37DF26DBDA7A}"
EndProject
Project("{8BC9CEB8-8B4A-11D0-8D11-00A0C91BC942}") = "07_DataScan", "07_DataScan\07_DataScan.vcxproj", "{73AE5C11-1334-4CC6-91BD-41CEEA71E57B}"
EndProject
Project("{8BC9CEB8-8B4A-11D0-8D11-00A0C91BC942}") = "08_PointersAndTypeDef", "08_PointersAndTypeDef\08_PointersAndTypeDef.vcxproj", "{937655C1-8A70-4A08-9BD5-40EF3496817E}"
EndProject
Project("{8BC9CEB8-8B4A-11D0-8D11-00A0C91BC942}") = "09_CalculateSum", "09_CalculateSum\09_CalculateSum.vcxproj", "{502F98D5-F3DB-4802-89C6-33F8A258727D}"
EndProject
Project("{8BC9CEB8-8B4A-11D0-8D11-00A0C91BC942}") = "10_SignedDivMul", "10_SignedDivMul\10_SignedDivMul.vcxproj", "{D6BECB2E-F530-487D-8A65-D0DCAFE93DAF}"
EndProject
Project("{8BC9CEB8-8B4A-11D0-8D11-00A0C91BC942}") = "11_CPPCallingConventions", "11_CPPCallingConventions\11_CPPCallingConventions.vcxproj", "{82F8F200-696B-4E8A-928A-CF33ABE0BB06}"
EndProject
Project("{8BC9CEB8-8B4A-11D0-8D11-00A0C91BC942}") = "12_MemoryAddressing", "12_MemoryAddressing\12_MemoryAddressing.vcxproj", "{427E1A8C-1670-41EF-B0F5-A9679CF96779}"
EndProject
Project("{8BC9CEB8-8B4A-11D0-8D11-00A0C91BC942}") = "13_IntegersExploration", "13_IntegersExploration\13_IntegersExploration.vcxproj", "{34F3C390-C8F5-46C0-9363-6835530E83C4}"
EndProject
Project("{8BC9CEB8-8B4A-11D0-8D11-00A0C91BC942}") = "14_ConditionCodes", "14_ConditionCodes\14_ConditionCodes.vcxproj", "{EE69AC98-A6C6-4400-8D33-760B255B3DCE}"
EndProject
Project("{8BC9CEB8-8B4A-11D0-8D11-00A0C91BC942}") = "15_ArrayElementsAccess", "15_ArrayElementsAccess\15_ArrayElementsAccess.vcxproj", "{9D62EE62-B93C-47F1-9293-F5FA36467985}"
EndProject
Project("{8BC9CEB8-8B4A-11D0-8D11-00A0C91BC942}") = "16_ArrayElementSquares", "16_ArrayElementSquares\16_ArrayElementSquares.vcxproj", "{62641960-98C8-4EBA-AA5B-722D11B8E27B}"
EndProject
Project("{8BC9CEB8-8B4A-11D0-8D11-00A0C91BC942}") = "17_CalcArrayCube", "17_CalcArrayCube\17_CalcArrayCube.vcxproj", "{A5B82D0A-583B-4E65-8930-BD03F143DA89}"
EndProject
Project("{8BC9CEB8-8B4A-11D0-8D11-00A0C91BC942}") = "18_CalcArrayRowColSum", "18_CalcArrayRowColSum\18_CalcArrayRowColSum.vcxproj", "{37D2666B-59F2-4467-AF65-DAB374704C6A}"
EndProject
Project("{8BC9CEB8-8B4A-11D0-8D11-00A0C91BC942}") = "19_StringTransfer", "19_StringTransfer\19_StringTransfer.vcxproj", "{243F526E-E366-4B68-95C4-DD790FE14CD5}"
EndProject
Project("{8BC9CEB8-8B4A-11D0-8D11-00A0C91BC942}") = "20_StringCharacterCount", "20_StringCharacterCount\20_StringCharacterCount.vcxproj", "{C6C1667F-4CA6-47E8-B432-F61C75AD8843}"
EndProject
Project("{8BC9CEB8-8B4A-11D0-8D11-00A0C91BC942}") = "21_TemperatureConversion", "21_TemperatureConversion\21_TemperatureConversion.vcxproj", "{65481BDD-A8E8-463F-84E2-A28413F548FF}"
EndProject
Project("{8BC9CEB8-8B4A-11D0-8D11-00A0C91BC942}") = "22_SphereAreaVolume", "22_SphereAreaVolume\22_SphereAreaVolume.vcxproj", "{1D2C57FF-C9C2-4309-91DA-575907E22831}"
EndProject
Project("{8BC9CEB8-8B4A-11D0-8D11-00A0C91BC942}") = "23_Statistics", "23_Statistics\23_Statistics.vcxproj", "{F6C4A5BA-9383-40F7-81AA-6C43F8F10886}"
EndProject
Project("{8BC9CEB8-8B4A-11D0-8D11-00A0C91BC942}") = "24_MinMax", "24_MinMax\24_MinMax.vcxproj", "{5A9EEEAD-2A3B-46F6-A8C7-0C0EF8D5765B}"
EndProject
Project("{8BC9CEB8-8B4A-11D0-8D11-00A0C91BC942}") = "25_CoordinateConversions", "25_CoordinateConversions\25_CoordinateConversions.vcxproj", "{CF53C7CE-1DB3-4DD2-96C7-7C3A54B6C022}"
EndProject
Project("{8BC9CEB8-8B4A-11D0-8D11-00A0C91BC942}") = "26_LeastSquares", "26_LeastSquares\26_LeastSquares.vcxproj", "{A2D35A0A-6C89-4C2E-A485-B90E4182FE30}"
EndProject
Project("{8BC9CEB8-8B4A-11D0-8D11-00A0C91BC942}") = "27_MmxAddition", "27_MmxAddition\27_MmxAddition.vcxproj", "{72C3E70E-F857-43F9-8A62-A5FE277514A2}"
EndProject
Project("{8BC9CEB8-8B4A-11D0-8D11-00A0C91BC942}") = "28_MmxShift", "28_MmxShift\28_MmxShift.vcxproj", "{615ABA13-8625-4A0B-A383-6CDABAF867A0}"
EndProject
Project("{8BC9CEB8-8B4A-11D0-8D11-00A0C91BC942}") = "29_MmxMultiplication", "29_MmxMultiplication\29_MmxMultiplication.vcxproj", "{E10EEA8E-6F92-4A38-BA79-30A6AF4DF7B5}"
EndProject
Project("{8BC9CEB8-8B4A-11D0-8D11-00A0C91BC942}") = "30_SSEfpArithmetic", "30_SSEfpArithmetic\30_SSEfpArithmetic.vcxproj", "{AD8BE66A-6A9F-4DB0-89ED-AA7F9E5E9EC5}"
EndProject
Project("{8BC9CEB8-8B4A-11D0-8D11-00A0C91BC942}") = "31_SSEfpSphereVolArea", "31_SSEfpSphereVolArea\31_SSEfpSphereVolArea.vcxproj", "{B6C54117-41C2-460E-B9AB-EA1B52B9F628}"
EndProject
Project("{8BC9CEB8-8B4A-11D0-8D11-00A0C91BC942}") = "32_SSEPackedIntegerArithmetic", "32_SSEPackedIntegerArithmetic\32_SSEPackedIntegerArithmetic.vcxproj", "{2A5F5EA5-E5AF-4347-A96B-4FD7335C5031}"
EndProject
Global
	GlobalSection(SolutionConfigurationPlatforms) = preSolution
		Debug|x64 = Debug|x64
		Debug|x86 = Debug|x86
		Release|x64 = Release|x64
		Release|x86 = Release|x86
	EndGlobalSection
	GlobalSection(ProjectConfigurationPlatforms) = postSolution
		{B854531C-309E-4B94-800F-F480C00973A8}.Debug|x64.ActiveCfg = Debug|x64
		{B854531C-309E-4B94-800F-F480C00973A8}.Debug|x64.Build.0 = Debug|x64
		{B854531C-309E-4B94-800F-F480C00973A8}.Debug|x86.ActiveCfg = Debug|Win32
		{B854531C-309E-4B94-800F-F480C00973A8}.Debug|x86.Build.0 = Debug|Win32
		{B854531C-309E-4B94-800F-F480C00973A8}.Release|x64.ActiveCfg = Release|x64
		{B854531C-309E-4B94-800F-F480C00973A8}.Release|x64.Build.0 = Release|x64
		{B854531C-309E-4B94-800F-F480C00973A8}.Release|x86.ActiveCfg = Release|Win32
		{B854531C-309E-4B94-800F-F480C00973A8}.Release|x86.Build.0 = Release|Win32
		{7EC60E26-7370-4C72-B236-A343B477DDF5}.Debug|x64.ActiveCfg = Debug|x64
		{7EC60E26-7370-4C72-B236-A343B477DDF5}.Debug|x64.Build.0 = Debug|x64
		{7EC60E26-7370-4C72-B236-A343B477DDF5}.Debug|x86.ActiveCfg = Debug|Win32
		{7EC60E26-7370-4C72-B236-A343B477DDF5}.Debug|x86.Build.0 = Debug|Win32
		{7EC60E26-7370-4C72-B236-A343B477DDF5}.Release|x64.ActiveCfg = Release|x64
		{7EC60E26-7370-4C72-B236-A343B477DDF5}.Release|x64.Build.0 = Release|x64
		{7EC60E26-7370-4C72-B236-A343B477DDF5}.Release|x86.ActiveCfg = Release|Win32
		{7EC60E26-7370-4C72-B236-A343B477DDF5}.Release|x86.Build.0 = Release|Win32
		{9D495D40-37C8-42AF-8338-405372DFA5E2}.Debug|x64.ActiveCfg = Debug|x64
		{9D495D40-37C8-42AF-8338-405372DFA5E2}.Debug|x64.Build.0 = Debug|x64
		{9D495D40-37C8-42AF-8338-405372DFA5E2}.Debug|x86.ActiveCfg = Debug|Win32
		{9D495D40-37C8-42AF-8338-405372DFA5E2}.Debug|x86.Build.0 = Debug|Win32
		{9D495D40-37C8-42AF-8338-405372DFA5E2}.Release|x64.ActiveCfg = Release|x64
		{9D495D40-37C8-42AF-8338-405372DFA5E2}.Release|x64.Build.0 = Release|x64
		{9D495D40-37C8-42AF-8338-405372DFA5E2}.Release|x86.ActiveCfg = Release|Win32
		{9D495D40-37C8-42AF-8338-405372DFA5E2}.Release|x86.Build.0 = Release|Win32
		{3C3A8138-F31A-4B28-A8F0-D20D0D186DA7}.Debug|x64.ActiveCfg = Debug|x64
		{3C3A8138-F31A-4B28-A8F0-D20D0D186DA7}.Debug|x64.Build.0 = Debug|x64
		{3C3A8138-F31A-4B28-A8F0-D20D0D186DA7}.Debug|x86.ActiveCfg = Debug|Win32
		{3C3A8138-F31A-4B28-A8F0-D20D0D186DA7}.Debug|x86.Build.0 = Debug|Win32
		{3C3A8138-F31A-4B28-A8F0-D20D0D186DA7}.Release|x64.ActiveCfg = Release|x64
		{3C3A8138-F31A-4B28-A8F0-D20D0D186DA7}.Release|x64.Build.0 = Release|x64
		{3C3A8138-F31A-4B28-A8F0-D20D0D186DA7}.Release|x86.ActiveCfg = Release|Win32
		{3C3A8138-F31A-4B28-A8F0-D20D0D186DA7}.Release|x86.Build.0 = Release|Win32
		{AB510BDD-7A85-48EA-9ECB-E1C5DE7DCE31}.Debug|x64.ActiveCfg = Debug|x64
		{AB510BDD-7A85-48EA-9ECB-E1C5DE7DCE31}.Debug|x64.Build.0 = Debug|x64
		{AB510BDD-7A85-48EA-9ECB-E1C5DE7DCE31}.Debug|x86.ActiveCfg = Debug|Win32
		{AB510BDD-7A85-48EA-9ECB-E1C5DE7DCE31}.Debug|x86.Build.0 = Debug|Win32
		{AB510BDD-7A85-48EA-9ECB-E1C5DE7DCE31}.Release|x64.ActiveCfg = Release|x64
		{AB510BDD-7A85-48EA-9ECB-E1C5DE7DCE31}.Release|x64.Build.0 = Release|x64
		{AB510BDD-7A85-48EA-9ECB-E1C5DE7DCE31}.Release|x86.ActiveCfg = Release|Win32
		{AB510BDD-7A85-48EA-9ECB-E1C5DE7DCE31}.Release|x86.Build.0 = Release|Win32
		{F629C382-2451-48ED-9C75-37DF26DBDA7A}.Debug|x64.ActiveCfg = Debug|x64
		{F629C382-2451-48ED-9C75-37DF26DBDA7A}.Debug|x64.Build.0 = Debug|x64
		{F629C382-2451-48ED-9C75-37DF26DBDA7A}.Debug|x86.ActiveCfg = Debug|Win32
		{F629C382-2451-48ED-9C75-37DF26DBDA7A}.Debug|x86.Build.0 = Debug|Win32
		{F629C382-2451-48ED-9C75-37DF26DBDA7A}.Release|x64.ActiveCfg = Release|x64
		{F629C382-2451-48ED-9C75-37DF26DBDA7A}.Release|x64.Build.0 = Release|x64
		{F629C382-2451-48ED-9C75-37DF26DBDA7A}.Release|x86.ActiveCfg = Release|Win32
		{F629C382-2451-48ED-9C75-37DF26DBDA7A}.Release|x86.Build.0 = Release|Win32
		{73AE5C11-1334-4CC6-91BD-41CEEA71E57B}.Debug|x64.ActiveCfg = Debug|x64
		{73AE5C11-1334-4CC6-91BD-41CEEA71E57B}.Debug|x64.Build.0 = Debug|x64
		{73AE5C11-1334-4CC6-91BD-41CEEA71E57B}.Debug|x86.ActiveCfg = Debug|Win32
		{73AE5C11-1334-4CC6-91BD-41CEEA71E57B}.Debug|x86.Build.0 = Debug|Win32
		{73AE5C11-1334-4CC6-91BD-41CEEA71E57B}.Release|x64.ActiveCfg = Release|x64
		{73AE5C11-1334-4CC6-91BD-41CEEA71E57B}.Release|x64.Build.0 = Release|x64
		{73AE5C11-1334-4CC6-91BD-41CEEA71E57B}.Release|x86.ActiveCfg = Release|Win32
		{73AE5C11-1334-4CC6-91BD-41CEEA71E57B}.Release|x86.Build.0 = Release|Win32
		{937655C1-8A70-4A08-9BD5-40EF3496817E}.Debug|x64.ActiveCfg = Debug|x64
		{937655C1-8A70-4A08-9BD5-40EF3496817E}.Debug|x64.Build.0 = Debug|x64
		{937655C1-8A70-4A08-9BD5-40EF3496817E}.Debug|x86.ActiveCfg = Debug|Win32
		{937655C1-8A70-4A08-9BD5-40EF3496817E}.Debug|x86.Build.0 = Debug|Win32
		{937655C1-8A70-4A08-9BD5-40EF3496817E}.Release|x64.ActiveCfg = Release|x64
		{937655C1-8A70-4A08-9BD5-40EF3496817E}.Release|x64.Build.0 = Release|x64
		{937655C1-8A70-4A08-9BD5-40EF3496817E}.Release|x86.ActiveCfg = Release|Win32
		{937655C1-8A70-4A08-9BD5-40EF3496817E}.Release|x86.Build.0 = Release|Win32
		{502F98D5-F3DB-4802-89C6-33F8A258727D}.Debug|x64.ActiveCfg = Debug|x64
		{502F98D5-F3DB-4802-89C6-33F8A258727D}.Debug|x64.Build.0 = Debug|x64
		{502F98D5-F3DB-4802-89C6-33F8A258727D}.Debug|x86.ActiveCfg = Debug|Win32
		{502F98D5-F3DB-4802-89C6-33F8A258727D}.Debug|x86.Build.0 = Debug|Win32
		{502F98D5-F3DB-4802-89C6-33F8A258727D}.Release|x64.ActiveCfg = Release|x64
		{502F98D5-F3DB-4802-89C6-33F8A258727D}.Release|x64.Build.0 = Release|x64
		{502F98D5-F3DB-4802-89C6-33F8A258727D}.Release|x86.ActiveCfg = Release|Win32
		{502F98D5-F3DB-4802-89C6-33F8A258727D}.Release|x86.Build.0 = Release|Win32
		{D6BECB2E-F530-487D-8A65-D0DCAFE93DAF}.Debug|x64.ActiveCfg = Debug|x64
		{D6BECB2E-F530-487D-8A65-D0DCAFE93DAF}.Debug|x64.Build.0 = Debug|x64
		{D6BECB2E-F530-487D-8A65-D0DCAFE93DAF}.Debug|x86.ActiveCfg = Debug|Win32
		{D6BECB2E-F530-487D-8A65-D0DCAFE93DAF}.Debug|x86.Build.0 = Debug|Win32
		{D6BECB2E-F530-487D-8A65-D0DCAFE93DAF}.Release|x64.ActiveCfg = Release|x64
		{D6BECB2E-F530-487D-8A65-D0DCAFE93DAF}.Release|x64.Build.0 = Release|x64
		{D6BECB2E-F530-487D-8A65-D0DCAFE93DAF}.Release|x86.ActiveCfg = Release|Win32
		{D6BECB2E-F530-487D-8A65-D0DCAFE93DAF}.Release|x86.Build.0 = Release|Win32
		{82F8F200-696B-4E8A-928A-CF33ABE0BB06}.Debug|x64.ActiveCfg = Debug|x64
		{82F8F200-696B-4E8A-928A-CF33ABE0BB06}.Debug|x64.Build.0 = Debug|x64
		{82F8F200-696B-4E8A-928A-CF33ABE0BB06}.Debug|x86.ActiveCfg = Debug|Win32
		{82F8F200-696B-4E8A-928A-CF33ABE0BB06}.Debug|x86.Build.0 = Debug|Win32
		{82F8F200-696B-4E8A-928A-CF33ABE0BB06}.Release|x64.ActiveCfg = Release|x64
		{82F8F200-696B-4E8A-928A-CF33ABE0BB06}.Release|x64.Build.0 = Release|x64
		{82F8F200-696B-4E8A-928A-CF33ABE0BB06}.Release|x86.ActiveCfg = Release|Win32
		{82F8F200-696B-4E8A-928A-CF33ABE0BB06}.Release|x86.Build.0 = Release|Win32
		{427E1A8C-1670-41EF-B0F5-A9679CF96779}.Debug|x64.ActiveCfg = Debug|x64
		{427E1A8C-1670-41EF-B0F5-A9679CF96779}.Debug|x64.Build.0 = Debug|x64
		{427E1A8C-1670-41EF-B0F5-A9679CF96779}.Debug|x86.ActiveCfg = Debug|Win32
		{427E1A8C-1670-41EF-B0F5-A9679CF96779}.Debug|x86.Build.0 = Debug|Win32
		{427E1A8C-1670-41EF-B0F5-A9679CF96779}.Release|x64.ActiveCfg = Release|x64
		{427E1A8C-1670-41EF-B0F5-A9679CF96779}.Release|x64.Build.0 = Release|x64
		{427E1A8C-1670-41EF-B0F5-A9679CF96779}.Release|x86.ActiveCfg = Release|Win32
		{427E1A8C-1670-41EF-B0F5-A9679CF96779}.Release|x86.Build.0 = Release|Win32
		{34F3C390-C8F5-46C0-9363-6835530E83C4}.Debug|x64.ActiveCfg = Debug|x64
		{34F3C390-C8F5-46C0-9363-6835530E83C4}.Debug|x64.Build.0 = Debug|x64
		{34F3C390-C8F5-46C0-9363-6835530E83C4}.Debug|x86.ActiveCfg = Debug|Win32
		{34F3C390-C8F5-46C0-9363-6835530E83C4}.Debug|x86.Build.0 = Debug|Win32
		{34F3C390-C8F5-46C0-9363-6835530E83C4}.Release|x64.ActiveCfg = Release|x64
		{34F3C390-C8F5-46C0-9363-6835530E83C4}.Release|x64.Build.0 = Release|x64
		{34F3C390-C8F5-46C0-9363-6835530E83C4}.Release|x86.ActiveCfg = Release|Win32
		{34F3C390-C8F5-46C0-9363-6835530E83C4}.Release|x86.Build.0 = Release|Win32
		{EE69AC98-A6C6-4400-8D33-760B255B3DCE}.Debug|x64.ActiveCfg = Debug|x64
		{EE69AC98-A6C6-4400-8D33-760B255B3DCE}.Debug|x64.Build.0 = Debug|x64
		{EE69AC98-A6C6-4400-8D33-760B255B3DCE}.Debug|x86.ActiveCfg = Debug|Win32
		{EE69AC98-A6C6-4400-8D33-760B255B3DCE}.Debug|x86.Build.0 = Debug|Win32
		{EE69AC98-A6C6-4400-8D33-760B255B3DCE}.Release|x64.ActiveCfg = Release|x64
		{EE69AC98-A6C6-4400-8D33-760B255B3DCE}.Release|x64.Build.0 = Release|x64
		{EE69AC98-A6C6-4400-8D33-760B255B3DCE}.Release|x86.ActiveCfg = Release|Win32
		{EE69AC98-A6C6-4400-8D33-760B255B3DCE}.Release|x86.Build.0 = Release|Win32
		{9D62EE62-B93C-47F1-9293-F5FA36467985}.Debug|x64.ActiveCfg = Debug|x64
		{9D62EE62-B93C-47F1-9293-F5FA36467985}.Debug|x64.Build.0 = Debug|x64
		{9D62EE62-B93C-47F1-9293-F5FA36467985}.Debug|x86.ActiveCfg = Debug|Win32
		{9D62EE62-B93C-47F1-9293-F5FA36467985}.Debug|x86.Build.0 = Debug|Win32
		{9D62EE62-B93C-47F1-9293-F5FA36467985}.Release|x64.ActiveCfg = Release|x64
		{9D62EE62-B93C-47F1-9293-F5FA36467985}.Release|x64.Build.0 = Release|x64
		{9D62EE62-B93C-47F1-9293-F5FA36467985}.Release|x86.ActiveCfg = Release|Win32
		{9D62EE62-B93C-47F1-9293-F5FA36467985}.Release|x86.Build.0 = Release|Win32
		{62641960-98C8-4EBA-AA5B-722D11B8E27B}.Debug|x64.ActiveCfg = Debug|x64
		{62641960-98C8-4EBA-AA5B-722D11B8E27B}.Debug|x64.Build.0 = Debug|x64
		{62641960-98C8-4EBA-AA5B-722D11B8E27B}.Debug|x86.ActiveCfg = Debug|Win32
		{62641960-98C8-4EBA-AA5B-722D11B8E27B}.Debug|x86.Build.0 = Debug|Win32
		{62641960-98C8-4EBA-AA5B-722D11B8E27B}.Release|x64.ActiveCfg = Release|x64
		{62641960-98C8-4EBA-AA5B-722D11B8E27B}.Release|x64.Build.0 = Release|x64
		{62641960-98C8-4EBA-AA5B-722D11B8E27B}.Release|x86.ActiveCfg = Release|Win32
		{62641960-98C8-4EBA-AA5B-722D11B8E27B}.Release|x86.Build.0 = Release|Win32
		{A5B82D0A-583B-4E65-8930-BD03F143DA89}.Debug|x64.ActiveCfg = Debug|x64
		{A5B82D0A-583B-4E65-8930-BD03F143DA89}.Debug|x64.Build.0 = Debug|x64
		{A5B82D0A-583B-4E65-8930-BD03F143DA89}.Debug|x86.ActiveCfg = Debug|Win32
		{A5B82D0A-583B-4E65-8930-BD03F143DA89}.Debug|x86.Build.0 = Debug|Win32
		{A5B82D0A-583B-4E65-8930-BD03F143DA89}.Release|x64.ActiveCfg = Release|x64
		{A5B82D0A-583B-4E65-8930-BD03F143DA89}.Release|x64.Build.0 = Release|x64
		{A5B82D0A-583B-4E65-8930-BD03F143DA89}.Release|x86.ActiveCfg = Release|Win32
		{A5B82D0A-583B-4E65-8930-BD03F143DA89}.Release|x86.Build.0 = Release|Win32
		{37D2666B-59F2-4467-AF65-DAB374704C6A}.Debug|x64.ActiveCfg = Debug|x64
		{37D2666B-59F2-4467-AF65-DAB374704C6A}.Debug|x64.Build.0 = Debug|x64
		{37D2666B-59F2-4467-AF65-DAB374704C6A}.Debug|x86.ActiveCfg = Debug|Win32
		{37D2666B-59F2-4467-AF65-DAB374704C6A}.Debug|x86.Build.0 = Debug|Win32
		{37D2666B-59F2-4467-AF65-DAB374704C6A}.Release|x64.ActiveCfg = Release|x64
		{37D2666B-59F2-4467-AF65-DAB374704C6A}.Release|x64.Build.0 = Release|x64
		{37D2666B-59F2-4467-AF65-DAB374704C6A}.Release|x86.ActiveCfg = Release|Win32
		{37D2666B-59F2-4467-AF65-DAB374704C6A}.Release|x86.Build.0 = Release|Win32
		{243F526E-E366-4B68-95C4-DD790FE14CD5}.Debug|x64.ActiveCfg = Debug|x64
		{243F526E-E366-4B68-95C4-DD790FE14CD5}.Debug|x64.Build.0 = Debug|x64
		{243F526E-E366-4B68-95C4-DD790FE14CD5}.Debug|x86.ActiveCfg = Debug|Win32
		{243F526E-E366-4B68-95C4-DD790FE14CD5}.Debug|x86.Build.0 = Debug|Win32
		{243F526E-E366-4B68-95C4-DD790FE14CD5}.Release|x64.ActiveCfg = Release|x64
		{243F526E-E366-4B68-95C4-DD790FE14CD5}.Release|x64.Build.0 = Release|x64
		{243F526E-E366-4B68-95C4-DD790FE14CD5}.Release|x86.ActiveCfg = Release|Win32
		{243F526E-E366-4B68-95C4-DD790FE14CD5}.Release|x86.Build.0 = Release|Win32
		{C6C1667F-4CA6-47E8-B432-F61C75AD8843}.Debug|x64.ActiveCfg = Debug|x64
		{C6C1667F-4CA6-47E8-B432-F61C75AD8843}.Debug|x64.Build.0 = Debug|x64
		{C6C1667F-4CA6-47E8-B432-F61C75AD8843}.Debug|x86.ActiveCfg = Debug|Win32
		{C6C1667F-4CA6-47E8-B432-F61C75AD8843}.Debug|x86.Build.0 = Debug|Win32
		{C6C1667F-4CA6-47E8-B432-F61C75AD8843}.Release|x64.ActiveCfg = Release|x64
		{C6C1667F-4CA6-47E8-B432-F61C75AD8843}.Release|x64.Build.0 = Release|x64
		{C6C1667F-4CA6-47E8-B432-F61C75AD8843}.Release|x86.ActiveCfg = Release|Win32
		{C6C1667F-4CA6-47E8-B432-F61C75AD8843}.Release|x86.Build.0 = Release|Win32
		{65481BDD-A8E8-463F-84E2-A28413F548FF}.Debug|x64.ActiveCfg = Debug|x64
		{65481BDD-A8E8-463F-84E2-A28413F548FF}.Debug|x64.Build.0 = Debug|x64
		{65481BDD-A8E8-463F-84E2-A28413F548FF}.Debug|x86.ActiveCfg = Debug|Win32
		{65481BDD-A8E8-463F-84E2-A28413F548FF}.Debug|x86.Build.0 = Debug|Win32
		{65481BDD-A8E8-463F-84E2-A28413F548FF}.Release|x64.ActiveCfg = Release|x64
		{65481BDD-A8E8-463F-84E2-A28413F548FF}.Release|x64.Build.0 = Release|x64
		{65481BDD-A8E8-463F-84E2-A28413F548FF}.Release|x86.ActiveCfg = Release|Win32
		{65481BDD-A8E8-463F-84E2-A28413F548FF}.Release|x86.Build.0 = Release|Win32
		{1D2C57FF-C9C2-4309-91DA-575907E22831}.Debug|x64.ActiveCfg = Debug|x64
		{1D2C57FF-C9C2-4309-91DA-575907E22831}.Debug|x64.Build.0 = Debug|x64
		{1D2C57FF-C9C2-4309-91DA-575907E22831}.Debug|x86.ActiveCfg = Debug|Win32
		{1D2C57FF-C9C2-4309-91DA-575907E22831}.Debug|x86.Build.0 = Debug|Win32
		{1D2C57FF-C9C2-4309-91DA-575907E22831}.Release|x64.ActiveCfg = Release|x64
		{1D2C57FF-C9C2-4309-91DA-575907E22831}.Release|x64.Build.0 = Release|x64
		{1D2C57FF-C9C2-4309-91DA-575907E22831}.Release|x86.ActiveCfg = Release|Win32
		{1D2C57FF-C9C2-4309-91DA-575907E22831}.Release|x86.Build.0 = Release|Win32
		{F6C4A5BA-9383-40F7-81AA-6C43F8F10886}.Debug|x64.ActiveCfg = Debug|x64
		{F6C4A5BA-9383-40F7-81AA-6C43F8F10886}.Debug|x64.Build.0 = Debug|x64
		{F6C4A5BA-9383-40F7-81AA-6C43F8F10886}.Debug|x86.ActiveCfg = Debug|Win32
		{F6C4A5BA-9383-40F7-81AA-6C43F8F10886}.Debug|x86.Build.0 = Debug|Win32
		{F6C4A5BA-9383-40F7-81AA-6C43F8F10886}.Release|x64.ActiveCfg = Release|x64
		{F6C4A5BA-9383-40F7-81AA-6C43F8F10886}.Release|x64.Build.0 = Release|x64
		{F6C4A5BA-9383-40F7-81AA-6C43F8F10886}.Release|x86.ActiveCfg = Release|Win32
		{F6C4A5BA-9383-40F7-81AA-6C43F8F10886}.Release|x86.Build.0 = Release|Win32
		{5A9EEEAD-2A3B-46F6-A8C7-0C0EF8D5765B}.Debug|x64.ActiveCfg = Debug|x64
		{5A9EEEAD-2A3B-46F6-A8C7-0C0EF8D5765B}.Debug|x64.Build.0 = Debug|x64
		{5A9EEEAD-2A3B-46F6-A8C7-0C0EF8D5765B}.Debug|x86.ActiveCfg = Debug|Win32
		{5A9EEEAD-2A3B-46F6-A8C7-0C0EF8D5765B}.Debug|x86.Build.0 = Debug|Win32
		{5A9EEEAD-2A3B-46F6-A8C7-0C0EF8D5765B}.Release|x64.ActiveCfg = Release|x64
		{5A9EEEAD-2A3B-46F6-A8C7-0C0EF8D5765B}.Release|x64.Build.0 = Release|x64
		{5A9EEEAD-2A3B-46F6-A8C7-0C0EF8D5765B}.Release|x86.ActiveCfg = Release|Win32
		{5A9EEEAD-2A3B-46F6-A8C7-0C0EF8D5765B}.Release|x86.Build.0 = Release|Win32
		{CF53C7CE-1DB3-4DD2-96C7-7C3A54B6C022}.Debug|x64.ActiveCfg = Debug|x64
		{CF53C7CE-1DB3-4DD2-96C7-7C3A54B6C022}.Debug|x64.Build.0 = Debug|x64
		{CF53C7CE-1DB3-4DD2-96C7-7C3A54B6C022}.Debug|x86.ActiveCfg = Debug|Win32
		{CF53C7CE-1DB3-4DD2-96C7-7C3A54B6C022}.Debug|x86.Build.0 = Debug|Win32
		{CF53C7CE-1DB3-4DD2-96C7-7C3A54B6C022}.Release|x64.ActiveCfg = Release|x64
		{CF53C7CE-1DB3-4DD2-96C7-7C3A54B6C022}.Release|x64.Build.0 = Release|x64
		{CF53C7CE-1DB3-4DD2-96C7-7C3A54B6C022}.Release|x86.ActiveCfg = Release|Win32
		{CF53C7CE-1DB3-4DD2-96C7-7C3A54B6C022}.Release|x86.Build.0 = Release|Win32
		{A2D35A0A-6C89-4C2E-A485-B90E4182FE30}.Debug|x64.ActiveCfg = Debug|x64
		{A2D35A0A-6C89-4C2E-A485-B90E4182FE30}.Debug|x64.Build.0 = Debug|x64
		{A2D35A0A-6C89-4C2E-A485-B90E4182FE30}.Debug|x86.ActiveCfg = Debug|Win32
		{A2D35A0A-6C89-4C2E-A485-B90E4182FE30}.Debug|x86.Build.0 = Debug|Win32
		{A2D35A0A-6C89-4C2E-A485-B90E4182FE30}.Release|x64.ActiveCfg = Release|x64
		{A2D35A0A-6C89-4C2E-A485-B90E4182FE30}.Release|x64.Build.0 = Release|x64
		{A2D35A0A-6C89-4C2E-A485-B90E4182FE30}.Release|x86.ActiveCfg = Release|Win32
		{A2D35A0A-6C89-4C2E-A485-B90E4182FE30}.Release|x86.Build.0 = Release|Win32
		{72C3E70E-F857-43F9-8A62-A5FE277514A2}.Debug|x64.ActiveCfg = Debug|x64
		{72C3E70E-F857-43F9-8A62-A5FE277514A2}.Debug|x64.Build.0 = Debug|x64
		{72C3E70E-F857-43F9-8A62-A5FE277514A2}.Debug|x86.ActiveCfg = Debug|Win32
		{72C3E70E-F857-43F9-8A62-A5FE277514A2}.Debug|x86.Build.0 = Debug|Win32
		{72C3E70E-F857-43F9-8A62-A5FE277514A2}.Release|x64.ActiveCfg = Release|x64
		{72C3E70E-F857-43F9-8A62-A5FE277514A2}.Release|x64.Build.0 = Release|x64
		{72C3E70E-F857-43F9-8A62-A5FE277514A2}.Release|x86.ActiveCfg = Release|Win32
		{72C3E70E-F857-43F9-8A62-A5FE277514A2}.Release|x86.Build.0 = Release|Win32
		{615ABA13-8625-4A0B-A383-6CDABAF867A0}.Debug|x64.ActiveCfg = Debug|x64
		{615ABA13-8625-4A0B-A383-6CDABAF867A0}.Debug|x64.Build.0 = Debug|x64
		{615ABA13-8625-4A0B-A383-6CDABAF867A0}.Debug|x86.ActiveCfg = Debug|Win32
		{615ABA13-8625-4A0B-A383-6CDABAF867A0}.Debug|x86.Build.0 = Debug|Win32
		{615ABA13-8625-4A0B-A383-6CDABAF867A0}.Release|x64.ActiveCfg = Release|x64
		{615ABA13-8625-4A0B-A383-6CDABAF867A0}.Release|x64.Build.0 = Release|x64
		{615ABA13-8625-4A0B-A383-6CDABAF867A0}.Release|x86.ActiveCfg = Release|Win32
		{615ABA13-8625-4A0B-A383-6CDABAF867A0}.Release|x86.Build.0 = Release|Win32
		{E10EEA8E-6F92-4A38-BA79-30A6AF4DF7B5}.Debug|x64.ActiveCfg = Debug|x64
		{E10EEA8E-6F92-4A38-BA79-30A6AF4DF7B5}.Debug|x64.Build.0 = Debug|x64
		{E10EEA8E-6F92-4A38-BA79-30A6AF4DF7B5}.Debug|x86.ActiveCfg = Debug|Win32
		{E10EEA8E-6F92-4A38-BA79-30A6AF4DF7B5}.Debug|x86.Build.0 = Debug|Win32
		{E10EEA8E-6F92-4A38-BA79-30A6AF4DF7B5}.Release|x64.ActiveCfg = Release|x64
		{E10EEA8E-6F92-4A38-BA79-30A6AF4DF7B5}.Release|x64.Build.0 = Release|x64
		{E10EEA8E-6F92-4A38-BA79-30A6AF4DF7B5}.Release|x86.ActiveCfg = Release|Win32
		{E10EEA8E-6F92-4A38-BA79-30A6AF4DF7B5}.Release|x86.Build.0 = Release|Win32
		{AD8BE66A-6A9F-4DB0-89ED-AA7F9E5E9EC5}.Debug|x64.ActiveCfg = Debug|x64
		{AD8BE66A-6A9F-4DB0-89ED-AA7F9E5E9EC5}.Debug|x64.Build.0 = Debug|x64
		{AD8BE66A-6A9F-4DB0-89ED-AA7F9E5E9EC5}.Debug|x86.ActiveCfg = Debug|Win32
		{AD8BE66A-6A9F-4DB0-89ED-AA7F9E5E9EC5}.Debug|x86.Build.0 = Debug|Win32
		{AD8BE66A-6A9F-4DB0-89ED-AA7F9E5E9EC5}.Release|x64.ActiveCfg = Release|x64
		{AD8BE66A-6A9F-4DB0-89ED-AA7F9E5E9EC5}.Release|x64.Build.0 = Release|x64
		{AD8BE66A-6A9F-4DB0-89ED-AA7F9E5E9EC5}.Release|x86.ActiveCfg = Release|Win32
		{AD8BE66A-6A9F-4DB0-89ED-AA7F9E5E9EC5}.Release|x86.Build.0 = Release|Win32
		{B6C54117-41C2-460E-B9AB-EA1B52B9F628}.Debug|x64.ActiveCfg = Debug|x64
		{B6C54117-41C2-460E-B9AB-EA1B52B9F628}.Debug|x64.Build.0 = Debug|x64
		{B6C54117-41C2-460E-B9AB-EA1B52B9F628}.Debug|x86.ActiveCfg = Debug|Win32
		{B6C54117-41C2-460E-B9AB-EA1B52B9F628}.Debug|x86.Build.0 = Debug|Win32
		{B6C54117-41C2-460E-B9AB-EA1B52B9F628}.Release|x64.ActiveCfg = Release|x64
		{B6C54117-41C2-460E-B9AB-EA1B52B9F628}.Release|x64.Build.0 = Release|x64
		{B6C54117-41C2-460E-B9AB-EA1B52B9F628}.Release|x86.ActiveCfg = Release|Win32
		{B6C54117-41C2-460E-B9AB-EA1B52B9F628}.Release|x86.Build.0 = Release|Win32
		{2A5F5EA5-E5AF-4347-A96B-4FD7335C5031}.Debug|x64.ActiveCfg = Debug|x64
		{2A5F5EA5-E5AF-4347-A96B-4FD7335C5031}.Debug|x64.Build.0 = Debug|x64
		{2A5F5EA5-E5AF-4347-A96B-4FD7335C5031}.Debug|x86.ActiveCfg = Debug|Win32
		{2A5F5EA5-E5AF-4347-A96B-4FD7335C5031}.Debug|x86.Build.0 = Debug|Win32
		{2A5F5EA5-E5AF-4347-A96B-4FD7335C5031}.Release|x64.ActiveCfg = Release|x64
		{2A5F5EA5-E5AF-4347-A96B-4FD7335C5031}.Release|x64.Build.0 = Release|x64
		{2A5F5EA5-E5AF-4347-A96B-4FD7335C5031}.Release|x86.ActiveCfg = Release|Win32
		{2A5F5EA5-E5AF-4347-A96B-4FD7335C5031}.Release|x86.Build.0 = Release|Win32
	EndGlobalSection
	GlobalSection(SolutionProperties) = preSolution
		HideSolutionNode = FALSE
	EndGlobalSection
	GlobalSection(ExtensibilityGlobals) = postSolution
		SolutionGuid = {D422E175-C90D-4C67-BBCD-ED8340C1D07E}
	EndGlobalSection
EndGlobal
